PODS:
  - CocoaLumberjack (3.8.0):
    - CocoaLumberjack/Core (= 3.8.0)
  - CocoaLumberjack/Core (3.8.0)
  - Flutter (1.0.0)
  - ss_pretty_log (0.0.1):
    - CocoaLumberjack (~> 3.8.0)
    - Flutter

DEPENDENCIES:
  - Flutter (from `Flutter`)
  - ss_pretty_log (from `.symlinks/plugins/ss_pretty_log/ios`)

SPEC REPOS:
  trunk:
    - CocoaLumberjack

EXTERNAL SOURCES:
  Flutter:
    :path: Flutter
  ss_pretty_log:
    :path: ".symlinks/plugins/ss_pretty_log/ios"

SPEC CHECKSUMS:
  CocoaLumberjack: 78abfb691154e2a9df8ded4350d504ee19d90732
  Flutter: f04841e97a9d0b0a8025694d0796dd46242b2854
  ss_pretty_log: b3ee39d45899c9116667557328e124e069a0662f

PODFILE CHECKSUM: 663715e941f9adb426e33bf9376914006f9ea95b

COCOAPODS: 1.11.3
